// !$*UTF8*$!
{
	archiveVersion = 1;
	classes = {
	};
	objectVersion = 46;
	objects = {

/* Begin PBXBuildFile section */
		59008790165E911700F45C24 /* AFHTTPClient.m in Sources */ = {isa = PBXBuildFile; fileRef = 5900877E165E911700F45C24 /* AFHTTPClient.m */; settings = {COMPILER_FLAGS = "-fobjc-arc"; }; };
		59008791165E911700F45C24 /* AFHTTPRequestOperation.m in Sources */ = {isa = PBXBuildFile; fileRef = 59008780165E911700F45C24 /* AFHTTPRequestOperation.m */; settings = {COMPILER_FLAGS = "-fobjc-arc"; }; };
		59008792165E911700F45C24 /* AFImageRequestOperation.m in Sources */ = {isa = PBXBuildFile; fileRef = 59008782165E911700F45C24 /* AFImageRequestOperation.m */; settings = {COMPILER_FLAGS = "-fobjc-arc"; }; };
		59008793165E911700F45C24 /* AFJSONRequestOperation.m in Sources */ = {isa = PBXBuildFile; fileRef = 59008784165E911700F45C24 /* AFJSONRequestOperation.m */; settings = {COMPILER_FLAGS = "-fobjc-arc"; }; };
		59008794165E911700F45C24 /* AFNetworkActivityIndicatorManager.m in Sources */ = {isa = PBXBuildFile; fileRef = 59008786165E911700F45C24 /* AFNetworkActivityIndicatorManager.m */; settings = {COMPILER_FLAGS = "-fobjc-arc"; }; };
		59008795165E911700F45C24 /* AFPropertyListRequestOperation.m in Sources */ = {isa = PBXBuildFile; fileRef = 59008789165E911700F45C24 /* AFPropertyListRequestOperation.m */; settings = {COMPILER_FLAGS = "-fobjc-arc"; }; };
		59008796165E911700F45C24 /* AFURLConnectionOperation.m in Sources */ = {isa = PBXBuildFile; fileRef = 5900878B165E911700F45C24 /* AFURLConnectionOperation.m */; settings = {COMPILER_FLAGS = "-fobjc-arc"; }; };
		59008797165E911700F45C24 /* AFXMLRequestOperation.m in Sources */ = {isa = PBXBuildFile; fileRef = 5900878D165E911700F45C24 /* AFXMLRequestOperation.m */; settings = {COMPILER_FLAGS = "-fobjc-arc"; }; };
		59008798165E911700F45C24 /* UIImageView+AFNetworking.m in Sources */ = {isa = PBXBuildFile; fileRef = 5900878F165E911700F45C24 /* UIImageView+AFNetworking.m */; settings = {COMPILER_FLAGS = "-fobjc-arc"; }; };
		590087A7165E972800F45C24 /* SVProgressHUD.bundle in Resources */ = {isa = PBXBuildFile; fileRef = 590087A4165E972800F45C24 /* SVProgressHUD.bundle */; };
		590087A8165E972800F45C24 /* SVProgressHUD.m in Sources */ = {isa = PBXBuildFile; fileRef = 590087A6165E972800F45C24 /* SVProgressHUD.m */; settings = {COMPILER_FLAGS = "-fobjc-arc"; }; };
		59088517170321A60058F1FA /* libsqlite3.dylib in Frameworks */ = {isa = PBXBuildFile; fileRef = 59088516170321A60058F1FA /* libsqlite3.dylib */; };
		59088518170321B00058F1FA /* libsqlite3.dylib in Frameworks */ = {isa = PBXBuildFile; fileRef = 59088516170321A60058F1FA /* libsqlite3.dylib */; };
		591181A016DA0E2B0084BD68 /* src.c in Sources */ = {isa = PBXBuildFile; fileRef = 5911819F16DA0E2B0084BD68 /* src.c */; };
		591181A216DA147A0084BD68 /* export_headers.m in Sources */ = {isa = PBXBuildFile; fileRef = 591181A116DA147A0084BD68 /* export_headers.m */; };
		5921A3A315FDB2E8007FECF1 /* UIKit.framework in Frameworks */ = {isa = PBXBuildFile; fileRef = 5921A3A215FDB2E8007FECF1 /* UIKit.framework */; settings = {ATTRIBUTES = (Weak, ); }; };
		5921A3A515FDB2E8007FECF1 /* Foundation.framework in Frameworks */ = {isa = PBXBuildFile; fileRef = 5921A3A415FDB2E8007FECF1 /* Foundation.framework */; settings = {ATTRIBUTES = (Weak, ); }; };
		5921A3A715FDB2E8007FECF1 /* CoreGraphics.framework in Frameworks */ = {isa = PBXBuildFile; fileRef = 5921A3A615FDB2E8007FECF1 /* CoreGraphics.framework */; settings = {ATTRIBUTES = (Weak, ); }; };
		5921A3AD15FDB2E8007FECF1 /* InfoPlist.strings in Resources */ = {isa = PBXBuildFile; fileRef = 5921A3AB15FDB2E8007FECF1 /* InfoPlist.strings */; };
		5921A3AF15FDB2E8007FECF1 /* main.m in Sources */ = {isa = PBXBuildFile; fileRef = 5921A3AE15FDB2E8007FECF1 /* main.m */; };
		5922F15716BDAD980068E693 /* UIKit.framework in Frameworks */ = {isa = PBXBuildFile; fileRef = 5921A3A215FDB2E8007FECF1 /* UIKit.framework */; };
		5922F15816BDAD980068E693 /* Foundation.framework in Frameworks */ = {isa = PBXBuildFile; fileRef = 5921A3A415FDB2E8007FECF1 /* Foundation.framework */; };
		5922F15916BDAD980068E693 /* CoreGraphics.framework in Frameworks */ = {isa = PBXBuildFile; fileRef = 5921A3A615FDB2E8007FECF1 /* CoreGraphics.framework */; };
		5922F15F16BDAD980068E693 /* InfoPlist.strings in Resources */ = {isa = PBXBuildFile; fileRef = 5922F15D16BDAD980068E693 /* InfoPlist.strings */; };
		5922F16116BDAD980068E693 /* main.m in Sources */ = {isa = PBXBuildFile; fileRef = 5922F16016BDAD980068E693 /* main.m */; };
		5922F16716BDAD990068E693 /* Default.png in Resources */ = {isa = PBXBuildFile; fileRef = 5922F16616BDAD990068E693 /* Default.png */; };
		5922F16916BDAD990068E693 /* Default@2x.png in Resources */ = {isa = PBXBuildFile; fileRef = 5922F16816BDAD990068E693 /* Default@2x.png */; };
		5922F16B16BDAD990068E693 /* Default-568h@2x.png in Resources */ = {isa = PBXBuildFile; fileRef = 5922F16A16BDAD990068E693 /* Default-568h@2x.png */; };
		5922F17216BE0B080068E693 /* mrbtest.a in Frameworks */ = {isa = PBXBuildFile; fileRef = 5922F17116BE0B080068E693 /* mrbtest.a */; };
		5925817216C6B8DD0019DF8B /* icon.png in Resources */ = {isa = PBXBuildFile; fileRef = 5925817116C6B8DD0019DF8B /* icon.png */; };
		5925817416C6B8E00019DF8B /* icon@2x.png in Resources */ = {isa = PBXBuildFile; fileRef = 5925817316C6B8E00019DF8B /* icon@2x.png */; };
		59ACC3A416FD9E3C006BC4AF /* libffi.a in Frameworks */ = {isa = PBXBuildFile; fileRef = 59ACC3A216FD9E3C006BC4AF /* libffi.a */; };
		59ACC3A516FD9E3C006BC4AF /* libffi.a in Frameworks */ = {isa = PBXBuildFile; fileRef = 59ACC3A216FD9E3C006BC4AF /* libffi.a */; };
		59ACC3A616FD9E3C006BC4AF /* libmruby.a in Frameworks */ = {isa = PBXBuildFile; fileRef = 59ACC3A316FD9E3C006BC4AF /* libmruby.a */; };
		59ACC3A716FD9E3C006BC4AF /* libmruby.a in Frameworks */ = {isa = PBXBuildFile; fileRef = 59ACC3A316FD9E3C006BC4AF /* libmruby.a */; };
		59ACFC6915FDBA11004BE69E /* SystemConfiguration.framework in Frameworks */ = {isa = PBXBuildFile; fileRef = 59ACFC6815FDBA11004BE69E /* SystemConfiguration.framework */; settings = {ATTRIBUTES = (Weak, ); }; };
		59ACFC6B15FDBA15004BE69E /* AVFoundation.framework in Frameworks */ = {isa = PBXBuildFile; fileRef = 59ACFC6A15FDBA15004BE69E /* AVFoundation.framework */; settings = {ATTRIBUTES = (Weak, ); }; };
		59ACFC6D15FDBA22004BE69E /* QuartzCore.framework in Frameworks */ = {isa = PBXBuildFile; fileRef = 59ACFC6C15FDBA22004BE69E /* QuartzCore.framework */; settings = {ATTRIBUTES = (Weak, ); }; };
		59E87ED115FF9B1500E2F09F /* Default.png in Resources */ = {isa = PBXBuildFile; fileRef = 59E87EC315FF9B1500E2F09F /* Default.png */; };
		59E87ED215FF9B1500E2F09F /* Default@2x.png in Resources */ = {isa = PBXBuildFile; fileRef = 59E87EC415FF9B1500E2F09F /* Default@2x.png */; };
		59E87ED515FF9B1500E2F09F /* bgm_00.aif in Resources */ = {isa = PBXBuildFile; fileRef = 59E87EC715FF9B1500E2F09F /* bgm_00.aif */; };
		59E87ED615FF9B1500E2F09F /* greenButton.png in Resources */ = {isa = PBXBuildFile; fileRef = 59E87EC815FF9B1500E2F09F /* greenButton.png */; };
		59E87ED715FF9B1500E2F09F /* greenButton@2x.png in Resources */ = {isa = PBXBuildFile; fileRef = 59E87EC915FF9B1500E2F09F /* greenButton@2x.png */; };
		59E87ED815FF9B1500E2F09F /* greenButtonActivated.png in Resources */ = {isa = PBXBuildFile; fileRef = 59E87ECA15FF9B1500E2F09F /* greenButtonActivated.png */; };
		59E87ED915FF9B1500E2F09F /* greenButtonActivated@2x.png in Resources */ = {isa = PBXBuildFile; fileRef = 59E87ECB15FF9B1500E2F09F /* greenButtonActivated@2x.png */; };
		59E87EDA15FF9B1500E2F09F /* square-blue-24-ns.png in Resources */ = {isa = PBXBuildFile; fileRef = 59E87ECC15FF9B1500E2F09F /* square-blue-24-ns.png */; };
		59E87EDB15FF9B1500E2F09F /* square-green-24-ns.png in Resources */ = {isa = PBXBuildFile; fileRef = 59E87ECD15FF9B1500E2F09F /* square-green-24-ns.png */; };
		59E87EDC15FF9B1500E2F09F /* square-red-24-ns.png in Resources */ = {isa = PBXBuildFile; fileRef = 59E87ECE15FF9B1500E2F09F /* square-red-24-ns.png */; };
		59E87EDD15FF9B1500E2F09F /* square-yellow-24-ns.png in Resources */ = {isa = PBXBuildFile; fileRef = 59E87ECF15FF9B1500E2F09F /* square-yellow-24-ns.png */; };
		59E87EDE15FF9B1500E2F09F /* tap_se_00.wav in Resources */ = {isa = PBXBuildFile; fileRef = 59E87ED015FF9B1500E2F09F /* tap_se_00.wav */; };
		59FE8101160BEAB6002B24D8 /* Default-568h@2x.png in Resources */ = {isa = PBXBuildFile; fileRef = 59FE8100160BEAB6002B24D8 /* Default-568h@2x.png */; };
/* End PBXBuildFile section */

/* Begin PBXFileReference section */
		5900877D165E911700F45C24 /* AFHTTPClient.h */ = {isa = PBXFileReference; fileEncoding = 4; lastKnownFileType = sourcecode.c.h; path = AFHTTPClient.h; sourceTree = "<group>"; };
		5900877E165E911700F45C24 /* AFHTTPClient.m */ = {isa = PBXFileReference; fileEncoding = 4; lastKnownFileType = sourcecode.c.objc; path = AFHTTPClient.m; sourceTree = "<group>"; };
		5900877F165E911700F45C24 /* AFHTTPRequestOperation.h */ = {isa = PBXFileReference; fileEncoding = 4; lastKnownFileType = sourcecode.c.h; path = AFHTTPRequestOperation.h; sourceTree = "<group>"; };
		59008780165E911700F45C24 /* AFHTTPRequestOperation.m */ = {isa = PBXFileReference; fileEncoding = 4; lastKnownFileType = sourcecode.c.objc; path = AFHTTPRequestOperation.m; sourceTree = "<group>"; };
		59008781165E911700F45C24 /* AFImageRequestOperation.h */ = {isa = PBXFileReference; fileEncoding = 4; lastKnownFileType = sourcecode.c.h; path = AFImageRequestOperation.h; sourceTree = "<group>"; };
		59008782165E911700F45C24 /* AFImageRequestOperation.m */ = {isa = PBXFileReference; fileEncoding = 4; lastKnownFileType = sourcecode.c.objc; path = AFImageRequestOperation.m; sourceTree = "<group>"; };
		59008783165E911700F45C24 /* AFJSONRequestOperation.h */ = {isa = PBXFileReference; fileEncoding = 4; lastKnownFileType = sourcecode.c.h; path = AFJSONRequestOperation.h; sourceTree = "<group>"; };
		59008784165E911700F45C24 /* AFJSONRequestOperation.m */ = {isa = PBXFileReference; fileEncoding = 4; lastKnownFileType = sourcecode.c.objc; path = AFJSONRequestOperation.m; sourceTree = "<group>"; };
		59008785165E911700F45C24 /* AFNetworkActivityIndicatorManager.h */ = {isa = PBXFileReference; fileEncoding = 4; lastKnownFileType = sourcecode.c.h; path = AFNetworkActivityIndicatorManager.h; sourceTree = "<group>"; };
		59008786165E911700F45C24 /* AFNetworkActivityIndicatorManager.m */ = {isa = PBXFileReference; fileEncoding = 4; lastKnownFileType = sourcecode.c.objc; path = AFNetworkActivityIndicatorManager.m; sourceTree = "<group>"; };
		59008787165E911700F45C24 /* AFNetworking.h */ = {isa = PBXFileReference; fileEncoding = 4; lastKnownFileType = sourcecode.c.h; path = AFNetworking.h; sourceTree = "<group>"; };
		59008788165E911700F45C24 /* AFPropertyListRequestOperation.h */ = {isa = PBXFileReference; fileEncoding = 4; lastKnownFileType = sourcecode.c.h; path = AFPropertyListRequestOperation.h; sourceTree = "<group>"; };
		59008789165E911700F45C24 /* AFPropertyListRequestOperation.m */ = {isa = PBXFileReference; fileEncoding = 4; lastKnownFileType = sourcecode.c.objc; path = AFPropertyListRequestOperation.m; sourceTree = "<group>"; };
		5900878A165E911700F45C24 /* AFURLConnectionOperation.h */ = {isa = PBXFileReference; fileEncoding = 4; lastKnownFileType = sourcecode.c.h; path = AFURLConnectionOperation.h; sourceTree = "<group>"; };
		5900878B165E911700F45C24 /* AFURLConnectionOperation.m */ = {isa = PBXFileReference; fileEncoding = 4; lastKnownFileType = sourcecode.c.objc; path = AFURLConnectionOperation.m; sourceTree = "<group>"; };
		5900878C165E911700F45C24 /* AFXMLRequestOperation.h */ = {isa = PBXFileReference; fileEncoding = 4; lastKnownFileType = sourcecode.c.h; path = AFXMLRequestOperation.h; sourceTree = "<group>"; };
		5900878D165E911700F45C24 /* AFXMLRequestOperation.m */ = {isa = PBXFileReference; fileEncoding = 4; lastKnownFileType = sourcecode.c.objc; path = AFXMLRequestOperation.m; sourceTree = "<group>"; };
		5900878E165E911700F45C24 /* UIImageView+AFNetworking.h */ = {isa = PBXFileReference; fileEncoding = 4; lastKnownFileType = sourcecode.c.h; path = "UIImageView+AFNetworking.h"; sourceTree = "<group>"; };
		5900878F165E911700F45C24 /* UIImageView+AFNetworking.m */ = {isa = PBXFileReference; fileEncoding = 4; lastKnownFileType = sourcecode.c.objc; path = "UIImageView+AFNetworking.m"; sourceTree = "<group>"; };
		590087A4165E972800F45C24 /* SVProgressHUD.bundle */ = {isa = PBXFileReference; lastKnownFileType = "wrapper.plug-in"; path = SVProgressHUD.bundle; sourceTree = "<group>"; };
		590087A5165E972800F45C24 /* SVProgressHUD.h */ = {isa = PBXFileReference; fileEncoding = 4; lastKnownFileType = sourcecode.c.h; path = SVProgressHUD.h; sourceTree = "<group>"; };
		590087A6165E972800F45C24 /* SVProgressHUD.m */ = {isa = PBXFileReference; fileEncoding = 4; lastKnownFileType = sourcecode.c.objc; path = SVProgressHUD.m; sourceTree = "<group>"; };
		59088516170321A60058F1FA /* libsqlite3.dylib */ = {isa = PBXFileReference; lastKnownFileType = "compiled.mach-o.dylib"; name = libsqlite3.dylib; path = usr/lib/libsqlite3.dylib; sourceTree = SDKROOT; };
		5911819F16DA0E2B0084BD68 /* src.c */ = {isa = PBXFileReference; fileEncoding = 4; lastKnownFileType = sourcecode.c.c; name = src.c; path = tmp/src.c; sourceTree = SOURCE_ROOT; };
		591181A116DA147A0084BD68 /* export_headers.m */ = {isa = PBXFileReference; fileEncoding = 4; lastKnownFileType = sourcecode.c.objc; name = export_headers.m; path = tmp/export_headers.m; sourceTree = SOURCE_ROOT; };
		5921A39E15FDB2E8007FECF1 /* mobiruby-ios.app */ = {isa = PBXFileReference; explicitFileType = wrapper.application; includeInIndex = 0; path = "mobiruby-ios.app"; sourceTree = BUILT_PRODUCTS_DIR; };
		5921A3A215FDB2E8007FECF1 /* UIKit.framework */ = {isa = PBXFileReference; lastKnownFileType = wrapper.framework; name = UIKit.framework; path = System/Library/Frameworks/UIKit.framework; sourceTree = SDKROOT; };
		5921A3A415FDB2E8007FECF1 /* Foundation.framework */ = {isa = PBXFileReference; lastKnownFileType = wrapper.framework; name = Foundation.framework; path = System/Library/Frameworks/Foundation.framework; sourceTree = SDKROOT; };
		5921A3A615FDB2E8007FECF1 /* CoreGraphics.framework */ = {isa = PBXFileReference; lastKnownFileType = wrapper.framework; name = CoreGraphics.framework; path = System/Library/Frameworks/CoreGraphics.framework; sourceTree = SDKROOT; };
		5921A3AA15FDB2E8007FECF1 /* mobiruby-ios-Info.plist */ = {isa = PBXFileReference; lastKnownFileType = text.plist.xml; path = "mobiruby-ios-Info.plist"; sourceTree = "<group>"; };
		5921A3AC15FDB2E8007FECF1 /* en */ = {isa = PBXFileReference; lastKnownFileType = text.plist.strings; name = en; path = en.lproj/InfoPlist.strings; sourceTree = "<group>"; };
		5921A3AE15FDB2E8007FECF1 /* main.m */ = {isa = PBXFileReference; lastKnownFileType = sourcecode.c.objc; path = main.m; sourceTree = "<group>"; };
		5921A3B015FDB2E8007FECF1 /* mobiruby-ios-Prefix.pch */ = {isa = PBXFileReference; lastKnownFileType = sourcecode.c.h; path = "mobiruby-ios-Prefix.pch"; sourceTree = "<group>"; };
		5922F15616BDAD980068E693 /* mrbtest.app */ = {isa = PBXFileReference; explicitFileType = wrapper.application; includeInIndex = 0; path = mrbtest.app; sourceTree = BUILT_PRODUCTS_DIR; };
		5922F15C16BDAD980068E693 /* mrbtest-Info.plist */ = {isa = PBXFileReference; lastKnownFileType = text.plist.xml; path = "mrbtest-Info.plist"; sourceTree = "<group>"; };
		5922F15E16BDAD980068E693 /* en */ = {isa = PBXFileReference; lastKnownFileType = text.plist.strings; name = en; path = en.lproj/InfoPlist.strings; sourceTree = "<group>"; };
		5922F16016BDAD980068E693 /* main.m */ = {isa = PBXFileReference; lastKnownFileType = sourcecode.c.objc; path = main.m; sourceTree = "<group>"; };
		5922F16216BDAD980068E693 /* mrbtest-Prefix.pch */ = {isa = PBXFileReference; lastKnownFileType = sourcecode.c.h; path = "mrbtest-Prefix.pch"; sourceTree = "<group>"; };
		5922F16616BDAD990068E693 /* Default.png */ = {isa = PBXFileReference; lastKnownFileType = image.png; path = Default.png; sourceTree = "<group>"; };
		5922F16816BDAD990068E693 /* Default@2x.png */ = {isa = PBXFileReference; lastKnownFileType = image.png; path = "Default@2x.png"; sourceTree = "<group>"; };
		5922F16A16BDAD990068E693 /* Default-568h@2x.png */ = {isa = PBXFileReference; lastKnownFileType = image.png; path = "Default-568h@2x.png"; sourceTree = "<group>"; };
		5922F17116BE0B080068E693 /* mrbtest.a */ = {isa = PBXFileReference; lastKnownFileType = archive.ar; name = mrbtest.a; path = mruby/build/i386/test/mrbtest.a; sourceTree = SOURCE_ROOT; };
		5925817116C6B8DD0019DF8B /* icon.png */ = {isa = PBXFileReference; lastKnownFileType = image.png; name = icon.png; path = ../../icon.png; sourceTree = "<group>"; };
		5925817316C6B8E00019DF8B /* icon@2x.png */ = {isa = PBXFileReference; lastKnownFileType = image.png; name = "icon@2x.png"; path = "../../icon@2x.png"; sourceTree = "<group>"; };
		59ACC3A216FD9E3C006BC4AF /* libffi.a */ = {isa = PBXFileReference; lastKnownFileType = archive.ar; name = libffi.a; path = lib/libffi.a; sourceTree = SOURCE_ROOT; };
		59ACC3A316FD9E3C006BC4AF /* libmruby.a */ = {isa = PBXFileReference; lastKnownFileType = archive.ar; name = libmruby.a; path = lib/libmruby.a; sourceTree = SOURCE_ROOT; };
		59ACFC6815FDBA11004BE69E /* SystemConfiguration.framework */ = {isa = PBXFileReference; lastKnownFileType = wrapper.framework; name = SystemConfiguration.framework; path = System/Library/Frameworks/SystemConfiguration.framework; sourceTree = SDKROOT; };
		59ACFC6A15FDBA15004BE69E /* AVFoundation.framework */ = {isa = PBXFileReference; lastKnownFileType = wrapper.framework; name = AVFoundation.framework; path = System/Library/Frameworks/AVFoundation.framework; sourceTree = SDKROOT; };
		59ACFC6C15FDBA22004BE69E /* QuartzCore.framework */ = {isa = PBXFileReference; lastKnownFileType = wrapper.framework; name = QuartzCore.framework; path = System/Library/Frameworks/QuartzCore.framework; sourceTree = SDKROOT; };
		59E87EC315FF9B1500E2F09F /* Default.png */ = {isa = PBXFileReference; lastKnownFileType = image.png; path = Default.png; sourceTree = "<group>"; };
		59E87EC415FF9B1500E2F09F /* Default@2x.png */ = {isa = PBXFileReference; lastKnownFileType = image.png; path = "Default@2x.png"; sourceTree = "<group>"; };
		59E87EC715FF9B1500E2F09F /* bgm_00.aif */ = {isa = PBXFileReference; lastKnownFileType = file; path = bgm_00.aif; sourceTree = "<group>"; };
		59E87EC815FF9B1500E2F09F /* greenButton.png */ = {isa = PBXFileReference; lastKnownFileType = image.png; path = greenButton.png; sourceTree = "<group>"; };
		59E87EC915FF9B1500E2F09F /* greenButton@2x.png */ = {isa = PBXFileReference; lastKnownFileType = image.png; path = "greenButton@2x.png"; sourceTree = "<group>"; };
		59E87ECA15FF9B1500E2F09F /* greenButtonActivated.png */ = {isa = PBXFileReference; lastKnownFileType = image.png; path = greenButtonActivated.png; sourceTree = "<group>"; };
		59E87ECB15FF9B1500E2F09F /* greenButtonActivated@2x.png */ = {isa = PBXFileReference; lastKnownFileType = image.png; path = "greenButtonActivated@2x.png"; sourceTree = "<group>"; };
		59E87ECC15FF9B1500E2F09F /* square-blue-24-ns.png */ = {isa = PBXFileReference; lastKnownFileType = image.png; path = "square-blue-24-ns.png"; sourceTree = "<group>"; };
		59E87ECD15FF9B1500E2F09F /* square-green-24-ns.png */ = {isa = PBXFileReference; lastKnownFileType = image.png; path = "square-green-24-ns.png"; sourceTree = "<group>"; };
		59E87ECE15FF9B1500E2F09F /* square-red-24-ns.png */ = {isa = PBXFileReference; lastKnownFileType = image.png; path = "square-red-24-ns.png"; sourceTree = "<group>"; };
		59E87ECF15FF9B1500E2F09F /* square-yellow-24-ns.png */ = {isa = PBXFileReference; lastKnownFileType = image.png; path = "square-yellow-24-ns.png"; sourceTree = "<group>"; };
		59E87ED015FF9B1500E2F09F /* tap_se_00.wav */ = {isa = PBXFileReference; lastKnownFileType = audio.wav; path = tap_se_00.wav; sourceTree = "<group>"; };
		59FE8100160BEAB6002B24D8 /* Default-568h@2x.png */ = {isa = PBXFileReference; lastKnownFileType = image.png; path = "Default-568h@2x.png"; sourceTree = "<group>"; };
/* End PBXFileReference section */

/* Begin PBXFrameworksBuildPhase section */
		5921A39B15FDB2E8007FECF1 /* Frameworks */ = {
			isa = PBXFrameworksBuildPhase;
			buildActionMask = 2147483647;
			files = (
				59088517170321A60058F1FA /* libsqlite3.dylib in Frameworks */,
				59ACFC6D15FDBA22004BE69E /* QuartzCore.framework in Frameworks */,
				59ACFC6B15FDBA15004BE69E /* AVFoundation.framework in Frameworks */,
				59ACFC6915FDBA11004BE69E /* SystemConfiguration.framework in Frameworks */,
				5921A3A315FDB2E8007FECF1 /* UIKit.framework in Frameworks */,
				5921A3A515FDB2E8007FECF1 /* Foundation.framework in Frameworks */,
				5921A3A715FDB2E8007FECF1 /* CoreGraphics.framework in Frameworks */,
				59ACC3A416FD9E3C006BC4AF /* libffi.a in Frameworks */,
				59ACC3A616FD9E3C006BC4AF /* libmruby.a in Frameworks */,
			);
			runOnlyForDeploymentPostprocessing = 0;
		};
		5922F15316BDAD980068E693 /* Frameworks */ = {
			isa = PBXFrameworksBuildPhase;
			buildActionMask = 2147483647;
			files = (
				59088518170321B00058F1FA /* libsqlite3.dylib in Frameworks */,
				5922F15716BDAD980068E693 /* UIKit.framework in Frameworks */,
				5922F15816BDAD980068E693 /* Foundation.framework in Frameworks */,
				5922F15916BDAD980068E693 /* CoreGraphics.framework in Frameworks */,
				5922F17216BE0B080068E693 /* mrbtest.a in Frameworks */,
				59ACC3A516FD9E3C006BC4AF /* libffi.a in Frameworks */,
				59ACC3A716FD9E3C006BC4AF /* libmruby.a in Frameworks */,
			);
			runOnlyForDeploymentPostprocessing = 0;
		};
/* End PBXFrameworksBuildPhase section */

/* Begin PBXGroup section */
		5900877A165E910200F45C24 /* vendors */ = {
			isa = PBXGroup;
			children = (
				590087A3165E972800F45C24 /* SVProgressHUD */,
				5900877C165E911700F45C24 /* AFNetworking */,
			);
			name = vendors;
			path = "mobiruby-ios";
			sourceTree = "<group>";
		};
		5900877C165E911700F45C24 /* AFNetworking */ = {
			isa = PBXGroup;
			children = (
				5900877D165E911700F45C24 /* AFHTTPClient.h */,
				5900877E165E911700F45C24 /* AFHTTPClient.m */,
				5900877F165E911700F45C24 /* AFHTTPRequestOperation.h */,
				59008780165E911700F45C24 /* AFHTTPRequestOperation.m */,
				59008781165E911700F45C24 /* AFImageRequestOperation.h */,
				59008782165E911700F45C24 /* AFImageRequestOperation.m */,
				59008783165E911700F45C24 /* AFJSONRequestOperation.h */,
				59008784165E911700F45C24 /* AFJSONRequestOperation.m */,
				59008785165E911700F45C24 /* AFNetworkActivityIndicatorManager.h */,
				59008786165E911700F45C24 /* AFNetworkActivityIndicatorManager.m */,
				59008787165E911700F45C24 /* AFNetworking.h */,
				59008788165E911700F45C24 /* AFPropertyListRequestOperation.h */,
				59008789165E911700F45C24 /* AFPropertyListRequestOperation.m */,
				5900878A165E911700F45C24 /* AFURLConnectionOperation.h */,
				5900878B165E911700F45C24 /* AFURLConnectionOperation.m */,
				5900878C165E911700F45C24 /* AFXMLRequestOperation.h */,
				5900878D165E911700F45C24 /* AFXMLRequestOperation.m */,
				5900878E165E911700F45C24 /* UIImageView+AFNetworking.h */,
				5900878F165E911700F45C24 /* UIImageView+AFNetworking.m */,
			);
			name = AFNetworking;
			path = vendors/AFNetworking;
			sourceTree = SOURCE_ROOT;
		};
		590087A3165E972800F45C24 /* SVProgressHUD */ = {
			isa = PBXGroup;
			children = (
				590087A4165E972800F45C24 /* SVProgressHUD.bundle */,
				590087A5165E972800F45C24 /* SVProgressHUD.h */,
				590087A6165E972800F45C24 /* SVProgressHUD.m */,
			);
			name = SVProgressHUD;
			path = vendors/SVProgressHUD;
			sourceTree = SOURCE_ROOT;
		};
		5921A39315FDB2E8007FECF1 = {
			isa = PBXGroup;
			children = (
				5921A3A815FDB2E8007FECF1 /* mobiruby-ios */,
				5900877A165E910200F45C24 /* vendors */,
				5922F15A16BDAD980068E693 /* mrbtest */,
				5921A3A115FDB2E8007FECF1 /* Frameworks */,
				59088516170321A60058F1FA /* libsqlite3.dylib */,
				5921A39F15FDB2E8007FECF1 /* Products */,
			);
			sourceTree = "<group>";
		};
		5921A39F15FDB2E8007FECF1 /* Products */ = {
			isa = PBXGroup;
			children = (
				5921A39E15FDB2E8007FECF1 /* mobiruby-ios.app */,
				5922F15616BDAD980068E693 /* mrbtest.app */,
			);
			name = Products;
			sourceTree = "<group>";
		};
		5921A3A115FDB2E8007FECF1 /* Frameworks */ = {
			isa = PBXGroup;
			children = (
				59ACFC6C15FDBA22004BE69E /* QuartzCore.framework */,
				59ACFC6A15FDBA15004BE69E /* AVFoundation.framework */,
				59ACFC6815FDBA11004BE69E /* SystemConfiguration.framework */,
				5921A3A215FDB2E8007FECF1 /* UIKit.framework */,
				5921A3A415FDB2E8007FECF1 /* Foundation.framework */,
				5921A3A615FDB2E8007FECF1 /* CoreGraphics.framework */,
			);
			name = Frameworks;
			sourceTree = "<group>";
		};
		5921A3A815FDB2E8007FECF1 /* mobiruby-ios */ = {
			isa = PBXGroup;
			children = (
				59E87EC215FF93BC00E2F09F /* Resources */,
				5921A3A915FDB2E8007FECF1 /* Supporting Files */,
			);
			path = "mobiruby-ios";
			sourceTree = "<group>";
		};
		5921A3A915FDB2E8007FECF1 /* Supporting Files */ = {
			isa = PBXGroup;
			children = (
				595096D416AEF56100DB40C8 /* core */,
				5911819F16DA0E2B0084BD68 /* src.c */,
				591181A116DA147A0084BD68 /* export_headers.m */,
				5921A3AA15FDB2E8007FECF1 /* mobiruby-ios-Info.plist */,
				5921A3AB15FDB2E8007FECF1 /* InfoPlist.strings */,
				5921A3AE15FDB2E8007FECF1 /* main.m */,
				5921A3B015FDB2E8007FECF1 /* mobiruby-ios-Prefix.pch */,
			);
			name = "Supporting Files";
			sourceTree = "<group>";
		};
		5922F15A16BDAD980068E693 /* mrbtest */ = {
			isa = PBXGroup;
			children = (
				5922F15B16BDAD980068E693 /* Supporting Files */,
			);
			path = mrbtest;
			sourceTree = "<group>";
		};
		5922F15B16BDAD980068E693 /* Supporting Files */ = {
			isa = PBXGroup;
			children = (
				5922F17116BE0B080068E693 /* mrbtest.a */,
				5922F15C16BDAD980068E693 /* mrbtest-Info.plist */,
				5922F15D16BDAD980068E693 /* InfoPlist.strings */,
				5922F16016BDAD980068E693 /* main.m */,
				5922F16216BDAD980068E693 /* mrbtest-Prefix.pch */,
				5922F16616BDAD990068E693 /* Default.png */,
				5922F16816BDAD990068E693 /* Default@2x.png */,
				5922F16A16BDAD990068E693 /* Default-568h@2x.png */,
			);
			name = "Supporting Files";
			sourceTree = "<group>";
		};
		595096D416AEF56100DB40C8 /* core */ = {
			isa = PBXGroup;
			children = (
				59ACC3A216FD9E3C006BC4AF /* libffi.a */,
				59ACC3A316FD9E3C006BC4AF /* libmruby.a */,
			);
			name = core;
			sourceTree = "<group>";
		};
		59E87EC215FF93BC00E2F09F /* Resources */ = {
			isa = PBXGroup;
			children = (
				59FE8100160BEAB6002B24D8 /* Default-568h@2x.png */,
				59E87EC315FF9B1500E2F09F /* Default.png */,
				59E87EC415FF9B1500E2F09F /* Default@2x.png */,
				5925817316C6B8E00019DF8B /* icon@2x.png */,
				5925817116C6B8DD0019DF8B /* icon.png */,
				59E87EC715FF9B1500E2F09F /* bgm_00.aif */,
				59E87EC815FF9B1500E2F09F /* greenButton.png */,
				59E87EC915FF9B1500E2F09F /* greenButton@2x.png */,
				59E87ECA15FF9B1500E2F09F /* greenButtonActivated.png */,
				59E87ECB15FF9B1500E2F09F /* greenButtonActivated@2x.png */,
				59E87ECC15FF9B1500E2F09F /* square-blue-24-ns.png */,
				59E87ECD15FF9B1500E2F09F /* square-green-24-ns.png */,
				59E87ECE15FF9B1500E2F09F /* square-red-24-ns.png */,
				59E87ECF15FF9B1500E2F09F /* square-yellow-24-ns.png */,
				59E87ED015FF9B1500E2F09F /* tap_se_00.wav */,
			);
			path = Resources;
			sourceTree = "<group>";
		};
/* End PBXGroup section */

/* Begin PBXNativeTarget section */
		5921A39D15FDB2E8007FECF1 /* mobiruby-ios */ = {
			isa = PBXNativeTarget;
			buildConfigurationList = 5921A3B615FDB2E8007FECF1 /* Build configuration list for PBXNativeTarget "mobiruby-ios" */;
			buildPhases = (
				59ACFC6E15FDBA41004BE69E /* Generate export_headers.m */,
				5921A39A15FDB2E8007FECF1 /* Sources */,
				5921A39B15FDB2E8007FECF1 /* Frameworks */,
				5921A39C15FDB2E8007FECF1 /* Resources */,
			);
			buildRules = (
			);
			dependencies = (
			);
			name = "mobiruby-ios";
			productName = "mobiruby-ios";
			productReference = 5921A39E15FDB2E8007FECF1 /* mobiruby-ios.app */;
			productType = "com.apple.product-type.application";
		};
		5922F15516BDAD980068E693 /* mrbtest */ = {
			isa = PBXNativeTarget;
			buildConfigurationList = 5922F16E16BDAD990068E693 /* Build configuration list for PBXNativeTarget "mrbtest" */;
			buildPhases = (
				5922F15216BDAD980068E693 /* Sources */,
				5922F15316BDAD980068E693 /* Frameworks */,
				5922F15416BDAD980068E693 /* Resources */,
			);
			buildRules = (
			);
			dependencies = (
			);
			name = mrbtest;
			productName = mrbtest;
			productReference = 5922F15616BDAD980068E693 /* mrbtest.app */;
			productType = "com.apple.product-type.application";
		};
/* End PBXNativeTarget section */

/* Begin PBXProject section */
		5921A39515FDB2E8007FECF1 /* Project object */ = {
			isa = PBXProject;
			attributes = {
				LastUpgradeCheck = 0460;
				ORGANIZATIONNAME = "MobiRuby Developers";
			};
			buildConfigurationList = 5921A39815FDB2E8007FECF1 /* Build configuration list for PBXProject "mobiruby-ios" */;
			compatibilityVersion = "Xcode 3.2";
			developmentRegion = English;
			hasScannedForEncodings = 0;
			knownRegions = (
				en,
			);
			mainGroup = 5921A39315FDB2E8007FECF1;
			productRefGroup = 5921A39F15FDB2E8007FECF1 /* Products */;
			projectDirPath = "";
			projectRoot = "";
			targets = (
				5921A39D15FDB2E8007FECF1 /* mobiruby-ios */,
				5922F15516BDAD980068E693 /* mrbtest */,
			);
		};
/* End PBXProject section */

/* Begin PBXResourcesBuildPhase section */
		5921A39C15FDB2E8007FECF1 /* Resources */ = {
			isa = PBXResourcesBuildPhase;
			buildActionMask = 2147483647;
			files = (
				5921A3AD15FDB2E8007FECF1 /* InfoPlist.strings in Resources */,
				59E87ED115FF9B1500E2F09F /* Default.png in Resources */,
				59E87ED215FF9B1500E2F09F /* Default@2x.png in Resources */,
				59E87ED515FF9B1500E2F09F /* bgm_00.aif in Resources */,
				59E87ED615FF9B1500E2F09F /* greenButton.png in Resources */,
				59E87ED715FF9B1500E2F09F /* greenButton@2x.png in Resources */,
				59E87ED815FF9B1500E2F09F /* greenButtonActivated.png in Resources */,
				59E87ED915FF9B1500E2F09F /* greenButtonActivated@2x.png in Resources */,
				59E87EDA15FF9B1500E2F09F /* square-blue-24-ns.png in Resources */,
				59E87EDB15FF9B1500E2F09F /* square-green-24-ns.png in Resources */,
				59E87EDC15FF9B1500E2F09F /* square-red-24-ns.png in Resources */,
				59E87EDD15FF9B1500E2F09F /* square-yellow-24-ns.png in Resources */,
				59E87EDE15FF9B1500E2F09F /* tap_se_00.wav in Resources */,
				59FE8101160BEAB6002B24D8 /* Default-568h@2x.png in Resources */,
				590087A7165E972800F45C24 /* SVProgressHUD.bundle in Resources */,
				5925817216C6B8DD0019DF8B /* icon.png in Resources */,
				5925817416C6B8E00019DF8B /* icon@2x.png in Resources */,
			);
			runOnlyForDeploymentPostprocessing = 0;
		};
		5922F15416BDAD980068E693 /* Resources */ = {
			isa = PBXResourcesBuildPhase;
			buildActionMask = 2147483647;
			files = (
				5922F15F16BDAD980068E693 /* InfoPlist.strings in Resources */,
				5922F16716BDAD990068E693 /* Default.png in Resources */,
				5922F16916BDAD990068E693 /* Default@2x.png in Resources */,
				5922F16B16BDAD990068E693 /* Default-568h@2x.png in Resources */,
			);
			runOnlyForDeploymentPostprocessing = 0;
		};
/* End PBXResourcesBuildPhase section */

/* Begin PBXShellScriptBuildPhase section */
		59ACFC6E15FDBA41004BE69E /* Generate export_headers.m */ = {
			isa = PBXShellScriptBuildPhase;
			buildActionMask = 2147483647;
			files = (
			);
			inputPaths = (
			);
			name = "Generate export_headers.m";
			outputPaths = (
				"$(PROJECT_DIR)/export_headers.m",
			);
			runOnlyForDeploymentPostprocessing = 0;
			shellPath = /bin/sh;
			shellScript = "GEM_HOME= GEM_PATH= RUBY_VERSION= $PROJECT_DIR/bin/build-exports.rb $PROJECT_DIR/tmp/export_headers.m\n";
		};
/* End PBXShellScriptBuildPhase section */

/* Begin PBXSourcesBuildPhase section */
		5921A39A15FDB2E8007FECF1 /* Sources */ = {
			isa = PBXSourcesBuildPhase;
			buildActionMask = 2147483647;
			files = (
				5921A3AF15FDB2E8007FECF1 /* main.m in Sources */,
				59008790165E911700F45C24 /* AFHTTPClient.m in Sources */,
				59008791165E911700F45C24 /* AFHTTPRequestOperation.m in Sources */,
				59008792165E911700F45C24 /* AFImageRequestOperation.m in Sources */,
				59008793165E911700F45C24 /* AFJSONRequestOperation.m in Sources */,
				59008794165E911700F45C24 /* AFNetworkActivityIndicatorManager.m in Sources */,
				59008795165E911700F45C24 /* AFPropertyListRequestOperation.m in Sources */,
				59008796165E911700F45C24 /* AFURLConnectionOperation.m in Sources */,
				59008797165E911700F45C24 /* AFXMLRequestOperation.m in Sources */,
				59008798165E911700F45C24 /* UIImageView+AFNetworking.m in Sources */,
				590087A8165E972800F45C24 /* SVProgressHUD.m in Sources */,
				591181A016DA0E2B0084BD68 /* src.c in Sources */,
				591181A216DA147A0084BD68 /* export_headers.m in Sources */,
			);
			runOnlyForDeploymentPostprocessing = 0;
		};
		5922F15216BDAD980068E693 /* Sources */ = {
			isa = PBXSourcesBuildPhase;
			buildActionMask = 2147483647;
			files = (
				5922F16116BDAD980068E693 /* main.m in Sources */,
			);
			runOnlyForDeploymentPostprocessing = 0;
		};
/* End PBXSourcesBuildPhase section */

/* Begin PBXVariantGroup section */
		5921A3AB15FDB2E8007FECF1 /* InfoPlist.strings */ = {
			isa = PBXVariantGroup;
			children = (
				5921A3AC15FDB2E8007FECF1 /* en */,
			);
			name = InfoPlist.strings;
			sourceTree = "<group>";
		};
		5922F15D16BDAD980068E693 /* InfoPlist.strings */ = {
			isa = PBXVariantGroup;
			children = (
				5922F15E16BDAD980068E693 /* en */,
			);
			name = InfoPlist.strings;
			sourceTree = "<group>";
		};
/* End PBXVariantGroup section */

/* Begin XCBuildConfiguration section */
		5921A3B415FDB2E8007FECF1 /* Debug */ = {
			isa = XCBuildConfiguration;
			buildSettings = {
				ALWAYS_SEARCH_USER_PATHS = NO;
				ARCHS = "$(ARCHS_STANDARD_32_BIT)";
				CLANG_CXX_LANGUAGE_STANDARD = "gnu++0x";
				CLANG_WARN_CONSTANT_CONVERSION = YES;
				CLANG_WARN_ENUM_CONVERSION = YES;
				CLANG_WARN_INT_CONVERSION = YES;
				CLANG_WARN__DUPLICATE_METHOD_MATCH = YES;
				CODE_SIGN_IDENTITY = "iPhone Developer";
				"CODE_SIGN_IDENTITY[sdk=iphoneos*]" = "iPhone Developer";
				COPY_PHASE_STRIP = NO;
				DEAD_CODE_STRIPPING = NO;
				GCC_C_LANGUAGE_STANDARD = gnu99;
				GCC_DYNAMIC_NO_PIC = NO;
				GCC_OPTIMIZATION_LEVEL = 0;
				GCC_PREPROCESSOR_DEFINITIONS = (
					"DEBUG=1",
					"$(inherited)",
				);
				GCC_SYMBOLS_PRIVATE_EXTERN = NO;
				GCC_VERSION = com.apple.compilers.llvm.clang.1_0;
				GCC_WARN_ABOUT_RETURN_TYPE = YES;
				GCC_WARN_UNINITIALIZED_AUTOS = YES;
				GCC_WARN_UNUSED_VARIABLE = YES;
				IPHONEOS_DEPLOYMENT_TARGET = 5.1;
				PRESERVE_DEAD_CODE_INITS_AND_TERMS = NO;
				PROVISIONING_PROFILE = "";
				SDKROOT = iphoneos;
				TARGETED_DEVICE_FAMILY = "1,2";
			};
			name = Debug;
		};
		5921A3B515FDB2E8007FECF1 /* Release */ = {
			isa = XCBuildConfiguration;
			buildSettings = {
				ALWAYS_SEARCH_USER_PATHS = NO;
				ARCHS = "$(ARCHS_STANDARD_32_BIT)";
				CLANG_CXX_LANGUAGE_STANDARD = "gnu++0x";
				CLANG_WARN_CONSTANT_CONVERSION = YES;
				CLANG_WARN_ENUM_CONVERSION = YES;
				CLANG_WARN_INT_CONVERSION = YES;
				CLANG_WARN__DUPLICATE_METHOD_MATCH = YES;
				CODE_SIGN_IDENTITY = "iPhone Developer";
				"CODE_SIGN_IDENTITY[sdk=iphoneos*]" = "iPhone Developer";
				COPY_PHASE_STRIP = YES;
				DEAD_CODE_STRIPPING = NO;
				GCC_C_LANGUAGE_STANDARD = gnu99;
				GCC_OPTIMIZATION_LEVEL = s;
				GCC_VERSION = com.apple.compilers.llvm.clang.1_0;
				GCC_WARN_ABOUT_RETURN_TYPE = YES;
				GCC_WARN_UNINITIALIZED_AUTOS = YES;
				GCC_WARN_UNUSED_VARIABLE = YES;
				IPHONEOS_DEPLOYMENT_TARGET = 5.1;
				OTHER_CFLAGS = "-DNS_BLOCK_ASSERTIONS=1";
				PRESERVE_DEAD_CODE_INITS_AND_TERMS = NO;
				PROVISIONING_PROFILE = "";
				SDKROOT = iphoneos;
				TARGETED_DEVICE_FAMILY = "1,2";
				VALIDATE_PRODUCT = YES;
			};
			name = Release;
		};
		5921A3B715FDB2E8007FECF1 /* Debug */ = {
			isa = XCBuildConfiguration;
			buildSettings = {
				ARCHS = "$(ARCHS_STANDARD_32_BIT)";
				"CODE_SIGN_IDENTITY[sdk=iphoneos*]" = "iPhone Developer";
				DEAD_CODE_STRIPPING = NO;
				GCC_PRECOMPILE_PREFIX_HEADER = YES;
				GCC_PREFIX_HEADER = "mobiruby-ios/mobiruby-ios-Prefix.pch";
				INFOPLIST_FILE = "mobiruby-ios/mobiruby-ios-Info.plist";
				IPHONEOS_DEPLOYMENT_TARGET = 5.0;
				LIBRARY_SEARCH_PATHS = (
					"$(inherited)",
					"\"$(SRCROOT)/mobiruby-ios\"",
					"\"$(SRCROOT)/lib\"",
				);
				OTHER_CFLAGS = (
					"-I$(PROJECT_DIR)/include",
					"-DALLOC_PADDING=8",
					"-DUSE_MRBC_DATA",
				);
				OTHER_LDFLAGS = (
					"-ldl",
					"-all_load",
				);
				PRODUCT_NAME = "$(TARGET_NAME)";
				"PROVISIONING_PROFILE[sdk=iphoneos*]" = "";
				TARGETED_DEVICE_FAMILY = 1;
				VALID_ARCHS = "$(ARCHS_STANDARD_32_BIT)";
				WRAPPER_EXTENSION = app;
			};
			name = Debug;
		};
		5921A3B815FDB2E8007FECF1 /* Release */ = {
			isa = XCBuildConfiguration;
			buildSettings = {
				ARCHS = "$(ARCHS_STANDARD_32_BIT)";
				CODE_SIGN_IDENTITY = "iPhone Distribution";
				"CODE_SIGN_IDENTITY[sdk=iphoneos*]" = "iPhone Distribution";
				DEAD_CODE_STRIPPING = NO;
				GCC_PRECOMPILE_PREFIX_HEADER = YES;
				GCC_PREFIX_HEADER = "mobiruby-ios/mobiruby-ios-Prefix.pch";
				GCC_SYMBOLS_PRIVATE_EXTERN = NO;
				INFOPLIST_FILE = "mobiruby-ios/mobiruby-ios-Info.plist";
				IPHONEOS_DEPLOYMENT_TARGET = 5.0;
				LIBRARY_SEARCH_PATHS = (
					"$(inherited)",
					"\"$(SRCROOT)/mobiruby-ios\"",
					"\"$(SRCROOT)/lib\"",
				);
				OTHER_CFLAGS = (
					"-DNS_BLOCK_ASSERTIONS=1",
					"-I$(PROJECT_DIR)/include/include",
					"-DALLOC_PADDING=8",
					"-DUSE_MRBC_DATA",
				);
				OTHER_LDFLAGS = (
					"-ldl",
					"-all_load",
				);
				PRODUCT_NAME = "$(TARGET_NAME)";
				PROVISIONING_PROFILE = "";
				"PROVISIONING_PROFILE[sdk=iphoneos*]" = "";
				TARGETED_DEVICE_FAMILY = 1;
				VALID_ARCHS = "$(ARCHS_STANDARD_32_BIT)";
				WRAPPER_EXTENSION = app;
			};
			name = Release;
		};
		5922F16C16BDAD990068E693 /* Debug */ = {
			isa = XCBuildConfiguration;
			buildSettings = {
				CLANG_CXX_LIBRARY = "libc++";
				CLANG_WARN_CONSTANT_CONVERSION = YES;
				CLANG_WARN_EMPTY_BODY = YES;
				CLANG_WARN_ENUM_CONVERSION = YES;
				CLANG_WARN_INT_CONVERSION = YES;
				"CODE_SIGN_IDENTITY[sdk=iphoneos*]" = "iPhone Developer";
				GCC_PRECOMPILE_PREFIX_HEADER = YES;
				GCC_PREFIX_HEADER = "mrbtest/mrbtest-Prefix.pch";
				INFOPLIST_FILE = "mrbtest/mrbtest-Info.plist";
				IPHONEOS_DEPLOYMENT_TARGET = 5.0;
				LIBRARY_SEARCH_PATHS = (
					"$(inherited)",
					"\"$(SRCROOT)/lib\"",
				);
				ONLY_ACTIVE_ARCH = YES;
				OTHER_CFLAGS = (
					"-I$(PROJECT_DIR)/mruby/include",
					"-I$(PROJECT_DIR)/mruby/build/libffi",
					"-I$(PROJECT_DIR)/mobiruby-common/include",
					"-I$(PROJECT_DIR)/mruby-cocoa/include",
					"-I$(PROJECT_DIR)/mruby-cfunc/include",
					"-DALLOC_PADDING=8",
					"-DUSE_MRBC_DATA",
					"-DMRB_INT64",
				);
				OTHER_LDFLAGS = (
					"-all_load",
					"-ldl",
				);
				PRODUCT_NAME = "$(TARGET_NAME)";
				WRAPPER_EXTENSION = app;
			};
			name = Debug;
		};
		5922F16D16BDAD990068E693 /* Release */ = {
			isa = XCBuildConfiguration;
			buildSettings = {
				CLANG_CXX_LIBRARY = "libc++";
				CLANG_WARN_CONSTANT_CONVERSION = YES;
				CLANG_WARN_EMPTY_BODY = YES;
				CLANG_WARN_ENUM_CONVERSION = YES;
				CLANG_WARN_INT_CONVERSION = YES;
				"CODE_SIGN_IDENTITY[sdk=iphoneos*]" = "iPhone Developer";
				GCC_PRECOMPILE_PREFIX_HEADER = YES;
				GCC_PREFIX_HEADER = "mrbtest/mrbtest-Prefix.pch";
				INFOPLIST_FILE = "mrbtest/mrbtest-Info.plist";
				IPHONEOS_DEPLOYMENT_TARGET = 5.0;
				LIBRARY_SEARCH_PATHS = (
					"$(inherited)",
					"\"$(SRCROOT)/lib\"",
				);
				OTHER_CFLAGS = (
					"-DNS_BLOCK_ASSERTIONS=1",
					"-I$(PROJECT_DIR)/mruby/include",
					"-I$(PROJECT_DIR)/mruby/build/libffi",
					"-I$(PROJECT_DIR)/mobiruby-common/include",
					"-I$(PROJECT_DIR)/mruby-cocoa/include",
					"-I$(PROJECT_DIR)/mruby-cfunc/include",
					"-DALLOC_PADDING=8",
					"-DUSE_MRBC_DATA",
					"-DMRB_INT64",
				);
				OTHER_LDFLAGS = (
					"-all_load",
					"-ldl",
				);
				PRODUCT_NAME = "$(TARGET_NAME)";
				WRAPPER_EXTENSION = app;
			};
			name = Release;
		};
/* End XCBuildConfiguration section */

/* Begin XCConfigurationList section */
		5921A39815FDB2E8007FECF1 /* Build configuration list for PBXProject "mobiruby-ios" */ = {
			isa = XCConfigurationList;
			buildConfigurations = (
				5921A3B415FDB2E8007FECF1 /* Debug */,
				5921A3B515FDB2E8007FECF1 /* Release */,
			);
			defaultConfigurationIsVisible = 0;
			defaultConfigurationName = Release;
		};
		5921A3B615FDB2E8007FECF1 /* Build configuration list for PBXNativeTarget "mobiruby-ios" */ = {
			isa = XCConfigurationList;
			buildConfigurations = (
				5921A3B715FDB2E8007FECF1 /* Debug */,
				5921A3B815FDB2E8007FECF1 /* Release */,
			);
			defaultConfigurationIsVisible = 0;
			defaultConfigurationName = Release;
		};
		5922F16E16BDAD990068E693 /* Build configuration list for PBXNativeTarget "mrbtest" */ = {
			isa = XCConfigurationList;
			buildConfigurations = (
				5922F16C16BDAD990068E693 /* Debug */,
				5922F16D16BDAD990068E693 /* Release */,
			);
			defaultConfigurationIsVisible = 0;
			defaultConfigurationName = Release;
		};
/* End XCConfigurationList section */
	};
	rootObject = 5921A39515FDB2E8007FECF1 /* Project object */;
}
